
Microsoft Visual Studio Solution File, Format Version 12.00
# Visual Studio Version 16
VisualStudioVersion = 16.0.32602.291
MinimumVisualStudioVersion = 10.0.40219.1
Project("{FAE04EC0-301F-11D3-BF4B-00C04F79EFBC}") = "NetSatis.Entities", "NetSatis.Entities\NetSatis.Entities.csproj", "{56C3E779-9198-47C7-B4B8-B26173F6C96C}"
EndProject
Project("{FAE04EC0-301F-11D3-BF4B-00C04F79EFBC}") = "NetSatis.BackOffice", "NetSatis.BackOffice\NetSatis.BackOffice.csproj", "{150B27DD-F7F3-4C12-AC8F-F99DA87706AF}"
EndProject
Project("{FAE04EC0-301F-11D3-BF4B-00C04F79EFBC}") = "NetSatis.FrontOffice", "NetSatis.FrontOffice\NetSatis.FrontOffice.csproj", "{FA9EB7E4-CB4E-4C48-8987-1ED5444F0869}"
EndProject
Global
	GlobalSection(SolutionConfigurationPlatforms) = preSolution
		Debug|Any CPU = Debug|Any CPU
		Release|Any CPU = Release|Any CPU
	EndGlobalSection
	GlobalSection(ProjectConfigurationPlatforms) = postSolution
		{56C3E779-9198-47C7-B4B8-B26173F6C96C}.Debug|Any CPU.ActiveCfg = Debug|Any CPU
		{56C3E779-9198-47C7-B4B8-B26173F6C96C}.Debug|Any CPU.Build.0 = Debug|Any CPU
		{56C3E779-9198-47C7-B4B8-B26173F6C96C}.Release|Any CPU.ActiveCfg = Release|Any CPU
		{56C3E779-9198-47C7-B4B8-B26173F6C96C}.Release|Any CPU.Build.0 = Release|Any CPU
		{150B27DD-F7F3-4C12-AC8F-F99DA87706AF}.Debug|Any CPU.ActiveCfg = Debug|Any CPU
		{150B27DD-F7F3-4C12-AC8F-F99DA87706AF}.Debug|Any CPU.Build.0 = Debug|Any CPU
		{150B27DD-F7F3-4C12-AC8F-F99DA87706AF}.Release|Any CPU.ActiveCfg = Release|Any CPU
		{150B27DD-F7F3-4C12-AC8F-F99DA87706AF}.Release|Any CPU.Build.0 = Release|Any CPU
		{FA9EB7E4-CB4E-4C48-8987-1ED5444F0869}.Debug|Any CPU.ActiveCfg = Debug|Any CPU
		{FA9EB7E4-CB4E-4C48-8987-1ED5444F0869}.Debug|Any CPU.Build.0 = Debug|Any CPU
		{FA9EB7E4-CB4E-4C48-8987-1ED5444F0869}.Release|Any CPU.ActiveCfg = Release|Any CPU
		{FA9EB7E4-CB4E-4C48-8987-1ED5444F0869}.Release|Any CPU.Build.0 = Release|Any CPU
	EndGlobalSection
	GlobalSection(SolutionProperties) = preSolution
		HideSolutionNode = FALSE
	EndGlobalSection
	GlobalSection(ExtensibilityGlobals) = postSolution
		SolutionGuid = {826DF14C-8FF5-4A17-A7D4-816D354505CC}
	EndGlobalSection
EndGlobal
